
Microsoft Visual Studio Solution File, Format Version 12.00
# Visual Studio Version 16
VisualStudioVersion = 16.0.33927.289
MinimumVisualStudioVersion = 10.0.40219.1
Project("{FAE04EC0-301F-11D3-BF4B-00C04F79EFBC}") = "DBProject", "DBProject\DBProject.csproj", "{3AD9ABA7-60D5-4CDC-972A-9F188C09A1D5}"
EndProject
Global
	GlobalSection(SolutionConfigurationPlatforms) = preSolution
		Debug|Any CPU = Debug|Any CPU
		Release|Any CPU = Release|Any CPU
	EndGlobalSection
	GlobalSection(ProjectConfigurationPlatforms) = postSolution
		{3AD9ABA7-60D5-4CDC-972A-9F188C09A1D5}.Debug|Any CPU.ActiveCfg = Debug|Any CPU
		{3AD9ABA7-60D5-4CDC-972A-9F188C09A1D5}.Debug|Any CPU.Build.0 = Debug|Any CPU
		{3AD9ABA7-60D5-4CDC-972A-9F188C09A1D5}.Release|Any CPU.ActiveCfg = Release|Any CPU
		{3AD9ABA7-60D5-4CDC-972A-9F188C09A1D5}.Release|Any CPU.Build.0 = Release|Any CPU
	EndGlobalSection
	GlobalSection(SolutionProperties) = preSolution
		HideSolutionNode = FALSE
	EndGlobalSection
	GlobalSection(ExtensibilityGlobals) = postSolution
		SolutionGuid = {306811A5-8E66-45CB-91EC-2910F2CF8EC7}
	EndGlobalSection
EndGlobal
